
Microsoft Visual Studio Solution File, Format Version 12.00
# Visual Studio Version 17
VisualStudioVersion = 17.11.35312.102
MinimumVisualStudioVersion = 10.0.40219.1
Project("{FAE04EC0-301F-11D3-BF4B-00C04F79EFBC}") = "EmployeeMaintenances", "EmployeeMaintenances\EmployeeMaintenances.csproj", "{72E8C683-8575-44B1-A911-F6746F072AA0}"
EndProject
Global
	GlobalSection(SolutionConfigurationPlatforms) = preSolution
		Debug|Any CPU = Debug|Any CPU
		Release|Any CPU = Release|Any CPU
	EndGlobalSection
	GlobalSection(ProjectConfigurationPlatforms) = postSolution
		{72E8C683-8575-44B1-A911-F6746F072AA0}.Debug|Any CPU.ActiveCfg = Debug|Any CPU
		{72E8C683-8575-44B1-A911-F6746F072AA0}.Debug|Any CPU.Build.0 = Debug|Any CPU
		{72E8C683-8575-44B1-A911-F6746F072AA0}.Release|Any CPU.ActiveCfg = Release|Any CPU
		{72E8C683-8575-44B1-A911-F6746F072AA0}.Release|Any CPU.Build.0 = Release|Any CPU
	EndGlobalSection
	GlobalSection(SolutionProperties) = preSolution
		HideSolutionNode = FALSE
	EndGlobalSection
	GlobalSection(ExtensibilityGlobals) = postSolution
		SolutionGuid = {B2C3793E-1454-4D63-8E87-F25804A4FC98}
	EndGlobalSection
EndGlobal
